
Microsoft Visual Studio Solution File, Format Version 12.00
# Visual Studio 14
VisualStudioVersion = 14.0.25420.1
MinimumVisualStudioVersion = 10.0.40219.1
Project("{FAE04EC0-301F-11D3-BF4B-00C04F79EFBC}") = "NflBot", "NflBot\NflBot.csproj", "{40A9ADBD-54E0-480C-9E09-0636D57AD826}"
EndProject
Project("{2150E333-8FDC-42A3-9474-1A3956D46DE8}") = "PublishScripts", "PublishScripts", "{18692E74-BCD3-4CB4-841B-3D95A5DCF95F}"
EndProject
Project("{2150E333-8FDC-42A3-9474-1A3956D46DE8}") = "Scripts", "Scripts", "{CAD7B8F9-10A5-4EED-B733-E2591B17DD80}"
	ProjectSection(SolutionItems) = preProject
		PublishScripts\Scripts\Deploy-AzureResourceGroup.ps1 = PublishScripts\Scripts\Deploy-AzureResourceGroup.ps1
	EndProjectSection
EndProject
Project("{2150E333-8FDC-42A3-9474-1A3956D46DE8}") = "Templates", "Templates", "{E2955874-3955-47C2-8969-86EB9AE8581A}"
	ProjectSection(SolutionItems) = preProject
		PublishScripts\Templates\NflBot.json = PublishScripts\Templates\NflBot.json
		PublishScripts\Templates\NflBot.param.dev.json = PublishScripts\Templates\NflBot.param.dev.json
	EndProjectSection
EndProject
Project("{2150E333-8FDC-42A3-9474-1A3956D46DE8}") = "Solution Items", "Solution Items", "{591F90A8-BCA7-434E-86B0-7BE2C284862F}"
	ProjectSection(SolutionItems) = preProject
		..\README.md = ..\README.md
	EndProjectSection
EndProject
Global
	GlobalSection(SolutionConfigurationPlatforms) = preSolution
		Debug|Any CPU = Debug|Any CPU
		Release|Any CPU = Release|Any CPU
	EndGlobalSection
	GlobalSection(ProjectConfigurationPlatforms) = postSolution
		{40A9ADBD-54E0-480C-9E09-0636D57AD826}.Debug|Any CPU.ActiveCfg = Debug|Any CPU
		{40A9ADBD-54E0-480C-9E09-0636D57AD826}.Debug|Any CPU.Build.0 = Debug|Any CPU
		{40A9ADBD-54E0-480C-9E09-0636D57AD826}.Release|Any CPU.ActiveCfg = Release|Any CPU
		{40A9ADBD-54E0-480C-9E09-0636D57AD826}.Release|Any CPU.Build.0 = Release|Any CPU
	EndGlobalSection
	GlobalSection(SolutionProperties) = preSolution
		HideSolutionNode = FALSE
	EndGlobalSection
	GlobalSection(NestedProjects) = preSolution
		{CAD7B8F9-10A5-4EED-B733-E2591B17DD80} = {18692E74-BCD3-4CB4-841B-3D95A5DCF95F}
		{E2955874-3955-47C2-8969-86EB9AE8581A} = {18692E74-BCD3-4CB4-841B-3D95A5DCF95F}
	EndGlobalSection
EndGlobal
